
Microsoft Visual Studio Solution File, Format Version 12.00
# Visual Studio Version 16
VisualStudioVersion = 16.0.29123.88
MinimumVisualStudioVersion = 10.0.40219.1
Project("{FAE04EC0-301F-11D3-BF4B-00C04F79EFBC}") = "Nuget", "Nuget\Nuget.csproj", "{9CDF9A50-40CA-47A7-85C8-5635B19D1B56}"
EndProject
Global
	GlobalSection(SolutionConfigurationPlatforms) = preSolution
		Debug|Any CPU = Debug|Any CPU
		Release|Any CPU = Release|Any CPU
	EndGlobalSection
	GlobalSection(ProjectConfigurationPlatforms) = postSolution
		{9CDF9A50-40CA-47A7-85C8-5635B19D1B56}.Debug|Any CPU.ActiveCfg = Debug|Any CPU
		{9CDF9A50-40CA-47A7-85C8-5635B19D1B56}.Debug|Any CPU.Build.0 = Debug|Any CPU
		{9CDF9A50-40CA-47A7-85C8-5635B19D1B56}.Release|Any CPU.ActiveCfg = Release|Any CPU
		{9CDF9A50-40CA-47A7-85C8-5635B19D1B56}.Release|Any CPU.Build.0 = Release|Any CPU
	EndGlobalSection
	GlobalSection(SolutionProperties) = preSolution
		HideSolutionNode = FALSE
	EndGlobalSection
	GlobalSection(ExtensibilityGlobals) = postSolution
		SolutionGuid = {7450C84B-5C2B-465B-94D9-40C1E0CC2280}
	EndGlobalSection
EndGlobal
