
Microsoft Visual Studio Solution File, Format Version 12.00
# Visual Studio Version 16
VisualStudioVersion = 16.0.29123.88
MinimumVisualStudioVersion = 10.0.40219.1
Project("{9A19103F-16F7-4668-BE54-9A1E7A4F7556}") = "WebApi", "WebApi\WebApi.csproj", "{946AC1F3-23FA-4C77-A195-315B3FACAE5F}"
EndProject
Global
	GlobalSection(SolutionConfigurationPlatforms) = preSolution
		Debug|Any CPU = Debug|Any CPU
		Release|Any CPU = Release|Any CPU
	EndGlobalSection
	GlobalSection(ProjectConfigurationPlatforms) = postSolution
		{946AC1F3-23FA-4C77-A195-315B3FACAE5F}.Debug|Any CPU.ActiveCfg = Debug|Any CPU
		{946AC1F3-23FA-4C77-A195-315B3FACAE5F}.Debug|Any CPU.Build.0 = Debug|Any CPU
		{946AC1F3-23FA-4C77-A195-315B3FACAE5F}.Release|Any CPU.ActiveCfg = Release|Any CPU
		{946AC1F3-23FA-4C77-A195-315B3FACAE5F}.Release|Any CPU.Build.0 = Release|Any CPU
	EndGlobalSection
	GlobalSection(SolutionProperties) = preSolution
		HideSolutionNode = FALSE
	EndGlobalSection
	GlobalSection(ExtensibilityGlobals) = postSolution
		SolutionGuid = {F2FC190D-6899-47A1-B4B9-840CB74E41EC}
	EndGlobalSection
EndGlobal
