
Microsoft Visual Studio Solution File, Format Version 12.00
# Visual Studio 15
VisualStudioVersion = 15.0.28307.757
MinimumVisualStudioVersion = 10.0.40219.1
Project("{FAE04EC0-301F-11D3-BF4B-00C04F79EFBC}") = "Google_Drive_API", "Google_Drive_API\Google_Drive_API.csproj", "{40B75D6B-95B9-4536-B39D-BEE2A506CE95}"
EndProject
Global
	GlobalSection(SolutionConfigurationPlatforms) = preSolution
		Debug|Any CPU = Debug|Any CPU
		Release|Any CPU = Release|Any CPU
	EndGlobalSection
	GlobalSection(ProjectConfigurationPlatforms) = postSolution
		{40B75D6B-95B9-4536-B39D-BEE2A506CE95}.Debug|Any CPU.ActiveCfg = Debug|Any CPU
		{40B75D6B-95B9-4536-B39D-BEE2A506CE95}.Debug|Any CPU.Build.0 = Debug|Any CPU
		{40B75D6B-95B9-4536-B39D-BEE2A506CE95}.Release|Any CPU.ActiveCfg = Release|Any CPU
		{40B75D6B-95B9-4536-B39D-BEE2A506CE95}.Release|Any CPU.Build.0 = Release|Any CPU
	EndGlobalSection
	GlobalSection(SolutionProperties) = preSolution
		HideSolutionNode = FALSE
	EndGlobalSection
	GlobalSection(ExtensibilityGlobals) = postSolution
		SolutionGuid = {81AAEF2A-E314-4268-9A8C-C0C03D16B3CB}
	EndGlobalSection
EndGlobal
